
Microsoft Visual Studio Solution File, Format Version 12.00
# Visual Studio Version 16
VisualStudioVersion = 16.0.30011.22
MinimumVisualStudioVersion = 10.0.40219.1
Project("{9A19103F-16F7-4668-BE54-9A1E7A4F7556}") = "BlazorApp1.Server", "BlazorApp1\Server\BlazorApp1.Server.csproj", "{A70FF7F4-B7DE-401A-8320-05C6AA067DDA}"
EndProject
Project("{9A19103F-16F7-4668-BE54-9A1E7A4F7556}") = "BlazorApp1.Client", "BlazorApp1\Client\BlazorApp1.Client.csproj", "{E2B46A39-6696-4B80-8E6F-0EE3D8A81AA3}"
EndProject
Project("{9A19103F-16F7-4668-BE54-9A1E7A4F7556}") = "BlazorApp1.Shared", "BlazorApp1\Shared\BlazorApp1.Shared.csproj", "{8651124C-DB89-41D9-9F72-A52B413A9CFC}"
EndProject
Project("{FAE04EC0-301F-11D3-BF4B-00C04F79EFBC}") = "ClassLibrary1", "..\BlazorApp2\BlazorApp2\ClassLibrary1\ClassLibrary1.csproj", "{D149C00C-6826-4BCB-A84B-D34278071F00}"
EndProject
Global
	GlobalSection(SolutionConfigurationPlatforms) = preSolution
		Debug|Any CPU = Debug|Any CPU
		Release|Any CPU = Release|Any CPU
	EndGlobalSection
	GlobalSection(ProjectConfigurationPlatforms) = postSolution
		{A70FF7F4-B7DE-401A-8320-05C6AA067DDA}.Debug|Any CPU.ActiveCfg = Debug|Any CPU
		{A70FF7F4-B7DE-401A-8320-05C6AA067DDA}.Debug|Any CPU.Build.0 = Debug|Any CPU
		{A70FF7F4-B7DE-401A-8320-05C6AA067DDA}.Release|Any CPU.ActiveCfg = Release|Any CPU
		{A70FF7F4-B7DE-401A-8320-05C6AA067DDA}.Release|Any CPU.Build.0 = Release|Any CPU
		{E2B46A39-6696-4B80-8E6F-0EE3D8A81AA3}.Debug|Any CPU.ActiveCfg = Debug|Any CPU
		{E2B46A39-6696-4B80-8E6F-0EE3D8A81AA3}.Debug|Any CPU.Build.0 = Debug|Any CPU
		{E2B46A39-6696-4B80-8E6F-0EE3D8A81AA3}.Release|Any CPU.ActiveCfg = Release|Any CPU
		{E2B46A39-6696-4B80-8E6F-0EE3D8A81AA3}.Release|Any CPU.Build.0 = Release|Any CPU
		{8651124C-DB89-41D9-9F72-A52B413A9CFC}.Debug|Any CPU.ActiveCfg = Debug|Any CPU
		{8651124C-DB89-41D9-9F72-A52B413A9CFC}.Debug|Any CPU.Build.0 = Debug|Any CPU
		{8651124C-DB89-41D9-9F72-A52B413A9CFC}.Release|Any CPU.ActiveCfg = Release|Any CPU
		{8651124C-DB89-41D9-9F72-A52B413A9CFC}.Release|Any CPU.Build.0 = Release|Any CPU
		{D149C00C-6826-4BCB-A84B-D34278071F00}.Debug|Any CPU.ActiveCfg = Debug|Any CPU
		{D149C00C-6826-4BCB-A84B-D34278071F00}.Debug|Any CPU.Build.0 = Debug|Any CPU
		{D149C00C-6826-4BCB-A84B-D34278071F00}.Release|Any CPU.ActiveCfg = Release|Any CPU
		{D149C00C-6826-4BCB-A84B-D34278071F00}.Release|Any CPU.Build.0 = Release|Any CPU
	EndGlobalSection
	GlobalSection(SolutionProperties) = preSolution
		HideSolutionNode = FALSE
	EndGlobalSection
	GlobalSection(ExtensibilityGlobals) = postSolution
		SolutionGuid = {59014554-EDF0-4425-8388-7DF7829533FD}
	EndGlobalSection
EndGlobal
