
Microsoft Visual Studio Solution File, Format Version 12.00
# Visual Studio Version 16
VisualStudioVersion = 16.0.30011.22
MinimumVisualStudioVersion = 10.0.40219.1
Project("{FAE04EC0-301F-11D3-BF4B-00C04F79EFBC}") = "BlazorApp.Server", "BlazorApp\Server\BlazorApp.Server.csproj", "{6CBAC4DF-445C-4B7D-9176-6A281FDBAC5D}"
EndProject
Project("{FAE04EC0-301F-11D3-BF4B-00C04F79EFBC}") = "BlazorApp.Client", "BlazorApp\Client\BlazorApp.Client.csproj", "{D2A77F0B-BD55-4BD6-97FE-3383B4CA1685}"
EndProject
Project("{FAE04EC0-301F-11D3-BF4B-00C04F79EFBC}") = "BlazorApp.Shared", "BlazorApp\Shared\BlazorApp.Shared.csproj", "{B5F52584-EC1A-41FB-A0E1-FC2AA8A191BC}"
EndProject
Project("{FAE04EC0-301F-11D3-BF4B-00C04F79EFBC}") = "Asteroids", "Asteroids\Asteroids.csproj", "{DE7D2B67-3269-4577-874A-4FA8629F1ABD}"
EndProject
Global
	GlobalSection(SolutionConfigurationPlatforms) = preSolution
		Debug|Any CPU = Debug|Any CPU
		Release|Any CPU = Release|Any CPU
	EndGlobalSection
	GlobalSection(ProjectConfigurationPlatforms) = postSolution
		{6CBAC4DF-445C-4B7D-9176-6A281FDBAC5D}.Debug|Any CPU.ActiveCfg = Debug|Any CPU
		{6CBAC4DF-445C-4B7D-9176-6A281FDBAC5D}.Debug|Any CPU.Build.0 = Debug|Any CPU
		{6CBAC4DF-445C-4B7D-9176-6A281FDBAC5D}.Release|Any CPU.ActiveCfg = Release|Any CPU
		{6CBAC4DF-445C-4B7D-9176-6A281FDBAC5D}.Release|Any CPU.Build.0 = Release|Any CPU
		{D2A77F0B-BD55-4BD6-97FE-3383B4CA1685}.Debug|Any CPU.ActiveCfg = Debug|Any CPU
		{D2A77F0B-BD55-4BD6-97FE-3383B4CA1685}.Debug|Any CPU.Build.0 = Debug|Any CPU
		{D2A77F0B-BD55-4BD6-97FE-3383B4CA1685}.Release|Any CPU.ActiveCfg = Release|Any CPU
		{D2A77F0B-BD55-4BD6-97FE-3383B4CA1685}.Release|Any CPU.Build.0 = Release|Any CPU
		{B5F52584-EC1A-41FB-A0E1-FC2AA8A191BC}.Debug|Any CPU.ActiveCfg = Debug|Any CPU
		{B5F52584-EC1A-41FB-A0E1-FC2AA8A191BC}.Debug|Any CPU.Build.0 = Debug|Any CPU
		{B5F52584-EC1A-41FB-A0E1-FC2AA8A191BC}.Release|Any CPU.ActiveCfg = Release|Any CPU
		{B5F52584-EC1A-41FB-A0E1-FC2AA8A191BC}.Release|Any CPU.Build.0 = Release|Any CPU
		{DE7D2B67-3269-4577-874A-4FA8629F1ABD}.Debug|Any CPU.ActiveCfg = Debug|Any CPU
		{DE7D2B67-3269-4577-874A-4FA8629F1ABD}.Debug|Any CPU.Build.0 = Debug|Any CPU
		{DE7D2B67-3269-4577-874A-4FA8629F1ABD}.Release|Any CPU.ActiveCfg = Release|Any CPU
		{DE7D2B67-3269-4577-874A-4FA8629F1ABD}.Release|Any CPU.Build.0 = Release|Any CPU
	EndGlobalSection
	GlobalSection(SolutionProperties) = preSolution
		HideSolutionNode = FALSE
	EndGlobalSection
	GlobalSection(ExtensibilityGlobals) = postSolution
		SolutionGuid = {FFB26D34-0D1A-46AF-98D0-9CE589F7108C}
	EndGlobalSection
EndGlobal
