
Microsoft Visual Studio Solution File, Format Version 12.00
# Visual Studio Version 16
VisualStudioVersion = 16.0.31019.35
MinimumVisualStudioVersion = 10.0.40219.1
Project("{9A19103F-16F7-4668-BE54-9A1E7A4F7556}") = "BlazorApp.Server", "BlazorApp\Server\BlazorApp.Server.csproj", "{7A3E6143-7842-4CE6-84E7-39C64092D4C2}"
EndProject
Project("{9A19103F-16F7-4668-BE54-9A1E7A4F7556}") = "BlazorApp.Client", "BlazorApp\Client\BlazorApp.Client.csproj", "{D6CA0F89-7E09-4AF4-81F2-D8981B402C2B}"
EndProject
Project("{9A19103F-16F7-4668-BE54-9A1E7A4F7556}") = "BlazorApp.Shared", "BlazorApp\Shared\BlazorApp.Shared.csproj", "{52930126-C994-439A-B954-4297A7AF0BE6}"
EndProject
Project("{9A19103F-16F7-4668-BE54-9A1E7A4F7556}") = "Asteroids", "Asteroids\Asteroids.csproj", "{613010D7-FCD6-4627-8F83-473A21B23632}"
EndProject
Project("{9A19103F-16F7-4668-BE54-9A1E7A4F7556}") = "PhpBlazor", "..\..\Source\PhpBlazor\PhpBlazor\PhpBlazor.csproj", "{9A6E1B1C-4844-47D5-92CC-DE02AF166488}"
EndProject
Global
	GlobalSection(SolutionConfigurationPlatforms) = preSolution
		Debug|Any CPU = Debug|Any CPU
		Release|Any CPU = Release|Any CPU
	EndGlobalSection
	GlobalSection(ProjectConfigurationPlatforms) = postSolution
		{7A3E6143-7842-4CE6-84E7-39C64092D4C2}.Debug|Any CPU.ActiveCfg = Debug|Any CPU
		{7A3E6143-7842-4CE6-84E7-39C64092D4C2}.Debug|Any CPU.Build.0 = Debug|Any CPU
		{7A3E6143-7842-4CE6-84E7-39C64092D4C2}.Release|Any CPU.ActiveCfg = Release|Any CPU
		{7A3E6143-7842-4CE6-84E7-39C64092D4C2}.Release|Any CPU.Build.0 = Release|Any CPU
		{D6CA0F89-7E09-4AF4-81F2-D8981B402C2B}.Debug|Any CPU.ActiveCfg = Debug|Any CPU
		{D6CA0F89-7E09-4AF4-81F2-D8981B402C2B}.Debug|Any CPU.Build.0 = Debug|Any CPU
		{D6CA0F89-7E09-4AF4-81F2-D8981B402C2B}.Release|Any CPU.ActiveCfg = Release|Any CPU
		{D6CA0F89-7E09-4AF4-81F2-D8981B402C2B}.Release|Any CPU.Build.0 = Release|Any CPU
		{52930126-C994-439A-B954-4297A7AF0BE6}.Debug|Any CPU.ActiveCfg = Debug|Any CPU
		{52930126-C994-439A-B954-4297A7AF0BE6}.Debug|Any CPU.Build.0 = Debug|Any CPU
		{52930126-C994-439A-B954-4297A7AF0BE6}.Release|Any CPU.ActiveCfg = Release|Any CPU
		{52930126-C994-439A-B954-4297A7AF0BE6}.Release|Any CPU.Build.0 = Release|Any CPU
		{613010D7-FCD6-4627-8F83-473A21B23632}.Debug|Any CPU.ActiveCfg = Debug|Any CPU
		{613010D7-FCD6-4627-8F83-473A21B23632}.Debug|Any CPU.Build.0 = Debug|Any CPU
		{613010D7-FCD6-4627-8F83-473A21B23632}.Release|Any CPU.ActiveCfg = Release|Any CPU
		{613010D7-FCD6-4627-8F83-473A21B23632}.Release|Any CPU.Build.0 = Release|Any CPU
		{9A6E1B1C-4844-47D5-92CC-DE02AF166488}.Debug|Any CPU.ActiveCfg = Debug|Any CPU
		{9A6E1B1C-4844-47D5-92CC-DE02AF166488}.Debug|Any CPU.Build.0 = Debug|Any CPU
		{9A6E1B1C-4844-47D5-92CC-DE02AF166488}.Release|Any CPU.ActiveCfg = Release|Any CPU
		{9A6E1B1C-4844-47D5-92CC-DE02AF166488}.Release|Any CPU.Build.0 = Release|Any CPU
	EndGlobalSection
	GlobalSection(SolutionProperties) = preSolution
		HideSolutionNode = FALSE
	EndGlobalSection
	GlobalSection(ExtensibilityGlobals) = postSolution
		SolutionGuid = {4FD15761-9368-408F-9473-667A430A9A92}
	EndGlobalSection
EndGlobal
