
Microsoft Visual Studio Solution File, Format Version 12.00
# Visual Studio Version 16
VisualStudioVersion = 16.0.31019.35
MinimumVisualStudioVersion = 10.0.40219.1
Project("{9A19103F-16F7-4668-BE54-9A1E7A4F7556}") = "BlazorApp.Server", "BlazorApp\Server\BlazorApp.Server.csproj", "{8A3290C6-9895-4D16-9002-AC83C6AF3E7A}"
EndProject
Project("{9A19103F-16F7-4668-BE54-9A1E7A4F7556}") = "BlazorApp.Client", "BlazorApp\Client\BlazorApp.Client.csproj", "{2B2DFF78-99E2-4026-9E57-8098C209CB9D}"
EndProject
Project("{13B669BE-BB05-4DDF-9536-439F39A36129}") = "PHPScripts", "PHPScripts\PHPScripts.msbuildproj", "{F4178860-3D04-4DF7-9FC0-1DA15F57B559}"
EndProject
Global
	GlobalSection(SolutionConfigurationPlatforms) = preSolution
		Debug|Any CPU = Debug|Any CPU
		Release|Any CPU = Release|Any CPU
	EndGlobalSection
	GlobalSection(ProjectConfigurationPlatforms) = postSolution
		{8A3290C6-9895-4D16-9002-AC83C6AF3E7A}.Debug|Any CPU.ActiveCfg = Debug|Any CPU
		{8A3290C6-9895-4D16-9002-AC83C6AF3E7A}.Debug|Any CPU.Build.0 = Debug|Any CPU
		{8A3290C6-9895-4D16-9002-AC83C6AF3E7A}.Release|Any CPU.ActiveCfg = Release|Any CPU
		{8A3290C6-9895-4D16-9002-AC83C6AF3E7A}.Release|Any CPU.Build.0 = Release|Any CPU
		{2B2DFF78-99E2-4026-9E57-8098C209CB9D}.Debug|Any CPU.ActiveCfg = Debug|Any CPU
		{2B2DFF78-99E2-4026-9E57-8098C209CB9D}.Debug|Any CPU.Build.0 = Debug|Any CPU
		{2B2DFF78-99E2-4026-9E57-8098C209CB9D}.Release|Any CPU.ActiveCfg = Release|Any CPU
		{2B2DFF78-99E2-4026-9E57-8098C209CB9D}.Release|Any CPU.Build.0 = Release|Any CPU
		{F4178860-3D04-4DF7-9FC0-1DA15F57B559}.Debug|Any CPU.ActiveCfg = Debug|Any CPU
		{F4178860-3D04-4DF7-9FC0-1DA15F57B559}.Debug|Any CPU.Build.0 = Debug|Any CPU
		{F4178860-3D04-4DF7-9FC0-1DA15F57B559}.Release|Any CPU.ActiveCfg = Release|Any CPU
		{F4178860-3D04-4DF7-9FC0-1DA15F57B559}.Release|Any CPU.Build.0 = Release|Any CPU
	EndGlobalSection
	GlobalSection(SolutionProperties) = preSolution
		HideSolutionNode = FALSE
	EndGlobalSection
	GlobalSection(ExtensibilityGlobals) = postSolution
		SolutionGuid = {CC759293-2ADD-4980-9E29-2254E2B41DED}
	EndGlobalSection
EndGlobal
