
Microsoft Visual Studio Solution File, Format Version 12.00
# Visual Studio Version 16
VisualStudioVersion = 16.0.30011.22
MinimumVisualStudioVersion = 10.0.40219.1
Project("{FAE04EC0-301F-11D3-BF4B-00C04F79EFBC}") = "PhpBlazor", "PhpBlazor\PhpBlazor.csproj", "{1BD36A3C-7D06-4C6D-80B5-230A72B72A47}"
EndProject
Global
	GlobalSection(SolutionConfigurationPlatforms) = preSolution
		Debug|Any CPU = Debug|Any CPU
		Release|Any CPU = Release|Any CPU
	EndGlobalSection
	GlobalSection(ProjectConfigurationPlatforms) = postSolution
		{1BD36A3C-7D06-4C6D-80B5-230A72B72A47}.Debug|Any CPU.ActiveCfg = Debug|Any CPU
		{1BD36A3C-7D06-4C6D-80B5-230A72B72A47}.Debug|Any CPU.Build.0 = Debug|Any CPU
		{1BD36A3C-7D06-4C6D-80B5-230A72B72A47}.Release|Any CPU.ActiveCfg = Release|Any CPU
		{1BD36A3C-7D06-4C6D-80B5-230A72B72A47}.Release|Any CPU.Build.0 = Release|Any CPU
	EndGlobalSection
	GlobalSection(SolutionProperties) = preSolution
		HideSolutionNode = FALSE
	EndGlobalSection
	GlobalSection(ExtensibilityGlobals) = postSolution
		SolutionGuid = {6A4F8396-AFE1-4127-9319-694E296C9BA3}
	EndGlobalSection
EndGlobal
