
Microsoft Visual Studio Solution File, Format Version 12.00
# Visual Studio Version 16
VisualStudioVersion = 16.0.30011.22
MinimumVisualStudioVersion = 10.0.40219.1
Project("{FAE04EC0-301F-11D3-BF4B-00C04F79EFBC}") = "UploadFile.Server", "UploadFile\Server\UploadFile.Server.csproj", "{E0B1741E-05E3-437E-B0B6-DEAA38494FCC}"
EndProject
Project("{FAE04EC0-301F-11D3-BF4B-00C04F79EFBC}") = "UploadFile.Client", "UploadFile\Client\UploadFile.Client.csproj", "{6C103365-6748-4E20-B72C-8FDB9B36B533}"
EndProject
Project("{FAE04EC0-301F-11D3-BF4B-00C04F79EFBC}") = "UploadFile.Shared", "UploadFile\Shared\UploadFile.Shared.csproj", "{E24ED7D6-2E3E-49F8-9DFF-9A1A6A3A6EA7}"
EndProject
Global
	GlobalSection(SolutionConfigurationPlatforms) = preSolution
		Debug|Any CPU = Debug|Any CPU
		Release|Any CPU = Release|Any CPU
	EndGlobalSection
	GlobalSection(ProjectConfigurationPlatforms) = postSolution
		{E0B1741E-05E3-437E-B0B6-DEAA38494FCC}.Debug|Any CPU.ActiveCfg = Debug|Any CPU
		{E0B1741E-05E3-437E-B0B6-DEAA38494FCC}.Debug|Any CPU.Build.0 = Debug|Any CPU
		{E0B1741E-05E3-437E-B0B6-DEAA38494FCC}.Release|Any CPU.ActiveCfg = Release|Any CPU
		{E0B1741E-05E3-437E-B0B6-DEAA38494FCC}.Release|Any CPU.Build.0 = Release|Any CPU
		{6C103365-6748-4E20-B72C-8FDB9B36B533}.Debug|Any CPU.ActiveCfg = Debug|Any CPU
		{6C103365-6748-4E20-B72C-8FDB9B36B533}.Debug|Any CPU.Build.0 = Debug|Any CPU
		{6C103365-6748-4E20-B72C-8FDB9B36B533}.Release|Any CPU.ActiveCfg = Release|Any CPU
		{6C103365-6748-4E20-B72C-8FDB9B36B533}.Release|Any CPU.Build.0 = Release|Any CPU
		{E24ED7D6-2E3E-49F8-9DFF-9A1A6A3A6EA7}.Debug|Any CPU.ActiveCfg = Debug|Any CPU
		{E24ED7D6-2E3E-49F8-9DFF-9A1A6A3A6EA7}.Debug|Any CPU.Build.0 = Debug|Any CPU
		{E24ED7D6-2E3E-49F8-9DFF-9A1A6A3A6EA7}.Release|Any CPU.ActiveCfg = Release|Any CPU
		{E24ED7D6-2E3E-49F8-9DFF-9A1A6A3A6EA7}.Release|Any CPU.Build.0 = Release|Any CPU
	EndGlobalSection
	GlobalSection(SolutionProperties) = preSolution
		HideSolutionNode = FALSE
	EndGlobalSection
	GlobalSection(ExtensibilityGlobals) = postSolution
		SolutionGuid = {B7C7027A-7019-491D-913A-CBE7E9377EA9}
	EndGlobalSection
EndGlobal
