
Microsoft Visual Studio Solution File, Format Version 12.00
# Visual Studio Version 16
VisualStudioVersion = 16.0.31019.35
MinimumVisualStudioVersion = 10.0.40219.1
Project("{9A19103F-16F7-4668-BE54-9A1E7A4F7556}") = "BlazorApp.Server", "BlazorApp\Server\BlazorApp.Server.csproj", "{47143225-0F99-4EAF-9470-DB0726F757F8}"
EndProject
Project("{9A19103F-16F7-4668-BE54-9A1E7A4F7556}") = "BlazorApp.Client", "BlazorApp\Client\BlazorApp.Client.csproj", "{05B77E14-56F3-47BD-B630-7695136D46F4}"
EndProject
Project("{9A19103F-16F7-4668-BE54-9A1E7A4F7556}") = "Web", "..\Demo-Web\Web\Web.csproj", "{2C056495-A221-43BE-BAB1-1FECA35F2A1D}"
EndProject
Project("{9A19103F-16F7-4668-BE54-9A1E7A4F7556}") = "PhpBlazor", "..\..\Source\PhpBlazor\PhpBlazor\PhpBlazor.csproj", "{1DA8C8AF-37B8-40DB-9508-70A51386610D}"
EndProject
Global
	GlobalSection(SolutionConfigurationPlatforms) = preSolution
		Debug|Any CPU = Debug|Any CPU
		Release|Any CPU = Release|Any CPU
	EndGlobalSection
	GlobalSection(ProjectConfigurationPlatforms) = postSolution
		{47143225-0F99-4EAF-9470-DB0726F757F8}.Debug|Any CPU.ActiveCfg = Debug|Any CPU
		{47143225-0F99-4EAF-9470-DB0726F757F8}.Debug|Any CPU.Build.0 = Debug|Any CPU
		{47143225-0F99-4EAF-9470-DB0726F757F8}.Release|Any CPU.ActiveCfg = Release|Any CPU
		{47143225-0F99-4EAF-9470-DB0726F757F8}.Release|Any CPU.Build.0 = Release|Any CPU
		{05B77E14-56F3-47BD-B630-7695136D46F4}.Debug|Any CPU.ActiveCfg = Debug|Any CPU
		{05B77E14-56F3-47BD-B630-7695136D46F4}.Debug|Any CPU.Build.0 = Debug|Any CPU
		{05B77E14-56F3-47BD-B630-7695136D46F4}.Release|Any CPU.ActiveCfg = Release|Any CPU
		{05B77E14-56F3-47BD-B630-7695136D46F4}.Release|Any CPU.Build.0 = Release|Any CPU
		{2C056495-A221-43BE-BAB1-1FECA35F2A1D}.Debug|Any CPU.ActiveCfg = Debug|Any CPU
		{2C056495-A221-43BE-BAB1-1FECA35F2A1D}.Debug|Any CPU.Build.0 = Debug|Any CPU
		{2C056495-A221-43BE-BAB1-1FECA35F2A1D}.Release|Any CPU.ActiveCfg = Release|Any CPU
		{2C056495-A221-43BE-BAB1-1FECA35F2A1D}.Release|Any CPU.Build.0 = Release|Any CPU
		{1DA8C8AF-37B8-40DB-9508-70A51386610D}.Debug|Any CPU.ActiveCfg = Debug|Any CPU
		{1DA8C8AF-37B8-40DB-9508-70A51386610D}.Debug|Any CPU.Build.0 = Debug|Any CPU
		{1DA8C8AF-37B8-40DB-9508-70A51386610D}.Release|Any CPU.ActiveCfg = Release|Any CPU
		{1DA8C8AF-37B8-40DB-9508-70A51386610D}.Release|Any CPU.Build.0 = Release|Any CPU
	EndGlobalSection
	GlobalSection(SolutionProperties) = preSolution
		HideSolutionNode = FALSE
	EndGlobalSection
	GlobalSection(ExtensibilityGlobals) = postSolution
		SolutionGuid = {08C84D21-5A90-4E49-8375-8252C728104C}
	EndGlobalSection
EndGlobal
