
Microsoft Visual Studio Solution File, Format Version 12.00
# Visual Studio Version 16
VisualStudioVersion = 16.0.31019.35
MinimumVisualStudioVersion = 10.0.40219.1
Project("{FAE04EC0-301F-11D3-BF4B-00C04F79EFBC}") = "BlazorApp3.Server", "BlazorApp3\Server\BlazorApp3.Server.csproj", "{3D442747-3390-465C-84D3-7677518C1CE9}"
EndProject
Project("{FAE04EC0-301F-11D3-BF4B-00C04F79EFBC}") = "BlazorApp3.Client", "BlazorApp3\Client\BlazorApp3.Client.csproj", "{4FEC7233-F39B-4792-8779-A0ADA906E87B}"
EndProject
Project("{FAE04EC0-301F-11D3-BF4B-00C04F79EFBC}") = "BlazorApp3.Shared", "BlazorApp3\Shared\BlazorApp3.Shared.csproj", "{7CF0A115-4700-431A-9213-98C70FF9B3A8}"
EndProject
Global
	GlobalSection(SolutionConfigurationPlatforms) = preSolution
		Debug|Any CPU = Debug|Any CPU
		Release|Any CPU = Release|Any CPU
	EndGlobalSection
	GlobalSection(ProjectConfigurationPlatforms) = postSolution
		{3D442747-3390-465C-84D3-7677518C1CE9}.Debug|Any CPU.ActiveCfg = Debug|Any CPU
		{3D442747-3390-465C-84D3-7677518C1CE9}.Debug|Any CPU.Build.0 = Debug|Any CPU
		{3D442747-3390-465C-84D3-7677518C1CE9}.Release|Any CPU.ActiveCfg = Release|Any CPU
		{3D442747-3390-465C-84D3-7677518C1CE9}.Release|Any CPU.Build.0 = Release|Any CPU
		{4FEC7233-F39B-4792-8779-A0ADA906E87B}.Debug|Any CPU.ActiveCfg = Debug|Any CPU
		{4FEC7233-F39B-4792-8779-A0ADA906E87B}.Debug|Any CPU.Build.0 = Debug|Any CPU
		{4FEC7233-F39B-4792-8779-A0ADA906E87B}.Release|Any CPU.ActiveCfg = Release|Any CPU
		{4FEC7233-F39B-4792-8779-A0ADA906E87B}.Release|Any CPU.Build.0 = Release|Any CPU
		{7CF0A115-4700-431A-9213-98C70FF9B3A8}.Debug|Any CPU.ActiveCfg = Debug|Any CPU
		{7CF0A115-4700-431A-9213-98C70FF9B3A8}.Debug|Any CPU.Build.0 = Debug|Any CPU
		{7CF0A115-4700-431A-9213-98C70FF9B3A8}.Release|Any CPU.ActiveCfg = Release|Any CPU
		{7CF0A115-4700-431A-9213-98C70FF9B3A8}.Release|Any CPU.Build.0 = Release|Any CPU
	EndGlobalSection
	GlobalSection(SolutionProperties) = preSolution
		HideSolutionNode = FALSE
	EndGlobalSection
	GlobalSection(ExtensibilityGlobals) = postSolution
		SolutionGuid = {3ECFE0EA-DE5B-4605-A96B-A0C677866E28}
	EndGlobalSection
EndGlobal
