
Microsoft Visual Studio Solution File, Format Version 12.00
# Visual Studio Version 16
VisualStudioVersion = 16.0.30011.22
MinimumVisualStudioVersion = 10.0.40219.1
Project("{9A19103F-16F7-4668-BE54-9A1E7A4F7556}") = "BlazorApp.Server", "BlazorApp\Server\BlazorApp.Server.csproj", "{2180796F-84E1-454A-9BAC-AC426F670F8F}"
EndProject
Project("{9A19103F-16F7-4668-BE54-9A1E7A4F7556}") = "BlazorApp.Client", "BlazorApp\Client\BlazorApp.Client.csproj", "{AA756CAB-ABCB-40DB-9D51-A980B8B85555}"
EndProject
Project("{9A19103F-16F7-4668-BE54-9A1E7A4F7556}") = "BlazorApp.Shared", "BlazorApp\Shared\BlazorApp.Shared.csproj", "{27266EE2-F6A2-4487-9BC7-6A79D3CF43EF}"
EndProject
Project("{FAE04EC0-301F-11D3-BF4B-00C04F79EFBC}") = "ImageProcessing", "ImageProcessing\ImageProcessing.csproj", "{D27CBD4C-85EA-42C3-A904-25FCFE599038}"
EndProject
Global
	GlobalSection(SolutionConfigurationPlatforms) = preSolution
		Debug|Any CPU = Debug|Any CPU
		Release|Any CPU = Release|Any CPU
	EndGlobalSection
	GlobalSection(ProjectConfigurationPlatforms) = postSolution
		{2180796F-84E1-454A-9BAC-AC426F670F8F}.Debug|Any CPU.ActiveCfg = Debug|Any CPU
		{2180796F-84E1-454A-9BAC-AC426F670F8F}.Debug|Any CPU.Build.0 = Debug|Any CPU
		{2180796F-84E1-454A-9BAC-AC426F670F8F}.Release|Any CPU.ActiveCfg = Release|Any CPU
		{2180796F-84E1-454A-9BAC-AC426F670F8F}.Release|Any CPU.Build.0 = Release|Any CPU
		{AA756CAB-ABCB-40DB-9D51-A980B8B85555}.Debug|Any CPU.ActiveCfg = Debug|Any CPU
		{AA756CAB-ABCB-40DB-9D51-A980B8B85555}.Debug|Any CPU.Build.0 = Debug|Any CPU
		{AA756CAB-ABCB-40DB-9D51-A980B8B85555}.Release|Any CPU.ActiveCfg = Release|Any CPU
		{AA756CAB-ABCB-40DB-9D51-A980B8B85555}.Release|Any CPU.Build.0 = Release|Any CPU
		{27266EE2-F6A2-4487-9BC7-6A79D3CF43EF}.Debug|Any CPU.ActiveCfg = Debug|Any CPU
		{27266EE2-F6A2-4487-9BC7-6A79D3CF43EF}.Debug|Any CPU.Build.0 = Debug|Any CPU
		{27266EE2-F6A2-4487-9BC7-6A79D3CF43EF}.Release|Any CPU.ActiveCfg = Release|Any CPU
		{27266EE2-F6A2-4487-9BC7-6A79D3CF43EF}.Release|Any CPU.Build.0 = Release|Any CPU
		{D27CBD4C-85EA-42C3-A904-25FCFE599038}.Debug|Any CPU.ActiveCfg = Debug|Any CPU
		{D27CBD4C-85EA-42C3-A904-25FCFE599038}.Debug|Any CPU.Build.0 = Debug|Any CPU
		{D27CBD4C-85EA-42C3-A904-25FCFE599038}.Release|Any CPU.ActiveCfg = Release|Any CPU
		{D27CBD4C-85EA-42C3-A904-25FCFE599038}.Release|Any CPU.Build.0 = Release|Any CPU
	EndGlobalSection
	GlobalSection(SolutionProperties) = preSolution
		HideSolutionNode = FALSE
	EndGlobalSection
	GlobalSection(ExtensibilityGlobals) = postSolution
		SolutionGuid = {04F57791-72ED-4556-9451-C37638792F06}
	EndGlobalSection
EndGlobal
