
Microsoft Visual Studio Solution File, Format Version 12.00
# Visual Studio Version 16
VisualStudioVersion = 16.0.31019.35
MinimumVisualStudioVersion = 10.0.40219.1
Project("{9A19103F-16F7-4668-BE54-9A1E7A4F7556}") = "BlazorApp.Server", "BlazorApp\Server\BlazorApp.Server.csproj", "{7DAC25DB-7943-4996-ACAC-005ECE115839}"
EndProject
Project("{9A19103F-16F7-4668-BE54-9A1E7A4F7556}") = "BlazorApp.Client", "BlazorApp\Client\BlazorApp.Client.csproj", "{AD851332-CFE9-4699-9606-92DC1DF037B9}"
EndProject
Project("{9A19103F-16F7-4668-BE54-9A1E7A4F7556}") = "BlazorApp.Shared", "BlazorApp\Shared\BlazorApp.Shared.csproj", "{C7B1D4F4-2920-4B07-9F32-59CFD69427F8}"
EndProject
Project("{9A19103F-16F7-4668-BE54-9A1E7A4F7556}") = "ImageProcessing", "ImageProcessing\ImageProcessing.csproj", "{0F67C8FD-B2E1-4459-B5F5-816B9197D22E}"
EndProject
Global
	GlobalSection(SolutionConfigurationPlatforms) = preSolution
		Debug|Any CPU = Debug|Any CPU
		Release|Any CPU = Release|Any CPU
	EndGlobalSection
	GlobalSection(ProjectConfigurationPlatforms) = postSolution
		{7DAC25DB-7943-4996-ACAC-005ECE115839}.Debug|Any CPU.ActiveCfg = Debug|Any CPU
		{7DAC25DB-7943-4996-ACAC-005ECE115839}.Debug|Any CPU.Build.0 = Debug|Any CPU
		{7DAC25DB-7943-4996-ACAC-005ECE115839}.Release|Any CPU.ActiveCfg = Release|Any CPU
		{7DAC25DB-7943-4996-ACAC-005ECE115839}.Release|Any CPU.Build.0 = Release|Any CPU
		{AD851332-CFE9-4699-9606-92DC1DF037B9}.Debug|Any CPU.ActiveCfg = Debug|Any CPU
		{AD851332-CFE9-4699-9606-92DC1DF037B9}.Debug|Any CPU.Build.0 = Debug|Any CPU
		{AD851332-CFE9-4699-9606-92DC1DF037B9}.Release|Any CPU.ActiveCfg = Release|Any CPU
		{AD851332-CFE9-4699-9606-92DC1DF037B9}.Release|Any CPU.Build.0 = Release|Any CPU
		{C7B1D4F4-2920-4B07-9F32-59CFD69427F8}.Debug|Any CPU.ActiveCfg = Debug|Any CPU
		{C7B1D4F4-2920-4B07-9F32-59CFD69427F8}.Debug|Any CPU.Build.0 = Debug|Any CPU
		{C7B1D4F4-2920-4B07-9F32-59CFD69427F8}.Release|Any CPU.ActiveCfg = Release|Any CPU
		{C7B1D4F4-2920-4B07-9F32-59CFD69427F8}.Release|Any CPU.Build.0 = Release|Any CPU
		{0F67C8FD-B2E1-4459-B5F5-816B9197D22E}.Debug|Any CPU.ActiveCfg = Debug|Any CPU
		{0F67C8FD-B2E1-4459-B5F5-816B9197D22E}.Debug|Any CPU.Build.0 = Debug|Any CPU
		{0F67C8FD-B2E1-4459-B5F5-816B9197D22E}.Release|Any CPU.ActiveCfg = Release|Any CPU
		{0F67C8FD-B2E1-4459-B5F5-816B9197D22E}.Release|Any CPU.Build.0 = Release|Any CPU
	EndGlobalSection
	GlobalSection(SolutionProperties) = preSolution
		HideSolutionNode = FALSE
	EndGlobalSection
	GlobalSection(ExtensibilityGlobals) = postSolution
		SolutionGuid = {117C575B-DF14-4F0A-8457-155933140C6B}
	EndGlobalSection
EndGlobal
