
Microsoft Visual Studio Solution File, Format Version 12.00
# Visual Studio Version 16
VisualStudioVersion = 16.0.30011.22
MinimumVisualStudioVersion = 10.0.40219.1
Project("{9A19103F-16F7-4668-BE54-9A1E7A4F7556}") = "BlazorApp.Server", "BlazorApp\Server\BlazorApp.Server.csproj", "{4B018487-2523-4702-8203-B8FA3D1A6BDC}"
EndProject
Project("{9A19103F-16F7-4668-BE54-9A1E7A4F7556}") = "BlazorApp.Client", "BlazorApp\Client\BlazorApp.Client.csproj", "{038971AB-3512-4E76-8CF3-A27EE2120CDF}"
EndProject
Project("{9A19103F-16F7-4668-BE54-9A1E7A4F7556}") = "BlazorApp.Shared", "BlazorApp\Shared\BlazorApp.Shared.csproj", "{307D255A-E524-45F2-96A5-3A09E733F75C}"
EndProject
Project("{FAE04EC0-301F-11D3-BF4B-00C04F79EFBC}") = "PHPApp", "PHPApp\PHPApp.csproj", "{12B7FA7B-C475-4796-9604-EAE1A3A171ED}"
EndProject
Project("{FAE04EC0-301F-11D3-BF4B-00C04F79EFBC}") = "PHPBlazorInteropt", "PHPBlazorInteropt\PHPBlazorInteropt.csproj", "{7E113A24-A0ED-452F-9A7F-C89F4DAC5480}"
EndProject
Global
	GlobalSection(SolutionConfigurationPlatforms) = preSolution
		Debug|Any CPU = Debug|Any CPU
		Release|Any CPU = Release|Any CPU
	EndGlobalSection
	GlobalSection(ProjectConfigurationPlatforms) = postSolution
		{4B018487-2523-4702-8203-B8FA3D1A6BDC}.Debug|Any CPU.ActiveCfg = Debug|Any CPU
		{4B018487-2523-4702-8203-B8FA3D1A6BDC}.Debug|Any CPU.Build.0 = Debug|Any CPU
		{4B018487-2523-4702-8203-B8FA3D1A6BDC}.Release|Any CPU.ActiveCfg = Release|Any CPU
		{4B018487-2523-4702-8203-B8FA3D1A6BDC}.Release|Any CPU.Build.0 = Release|Any CPU
		{038971AB-3512-4E76-8CF3-A27EE2120CDF}.Debug|Any CPU.ActiveCfg = Debug|Any CPU
		{038971AB-3512-4E76-8CF3-A27EE2120CDF}.Debug|Any CPU.Build.0 = Debug|Any CPU
		{038971AB-3512-4E76-8CF3-A27EE2120CDF}.Release|Any CPU.ActiveCfg = Release|Any CPU
		{038971AB-3512-4E76-8CF3-A27EE2120CDF}.Release|Any CPU.Build.0 = Release|Any CPU
		{307D255A-E524-45F2-96A5-3A09E733F75C}.Debug|Any CPU.ActiveCfg = Debug|Any CPU
		{307D255A-E524-45F2-96A5-3A09E733F75C}.Debug|Any CPU.Build.0 = Debug|Any CPU
		{307D255A-E524-45F2-96A5-3A09E733F75C}.Release|Any CPU.ActiveCfg = Release|Any CPU
		{307D255A-E524-45F2-96A5-3A09E733F75C}.Release|Any CPU.Build.0 = Release|Any CPU
		{12B7FA7B-C475-4796-9604-EAE1A3A171ED}.Debug|Any CPU.ActiveCfg = Debug|Any CPU
		{12B7FA7B-C475-4796-9604-EAE1A3A171ED}.Debug|Any CPU.Build.0 = Debug|Any CPU
		{12B7FA7B-C475-4796-9604-EAE1A3A171ED}.Release|Any CPU.ActiveCfg = Release|Any CPU
		{12B7FA7B-C475-4796-9604-EAE1A3A171ED}.Release|Any CPU.Build.0 = Release|Any CPU
		{7E113A24-A0ED-452F-9A7F-C89F4DAC5480}.Debug|Any CPU.ActiveCfg = Debug|Any CPU
		{7E113A24-A0ED-452F-9A7F-C89F4DAC5480}.Debug|Any CPU.Build.0 = Debug|Any CPU
		{7E113A24-A0ED-452F-9A7F-C89F4DAC5480}.Release|Any CPU.ActiveCfg = Release|Any CPU
		{7E113A24-A0ED-452F-9A7F-C89F4DAC5480}.Release|Any CPU.Build.0 = Release|Any CPU
	EndGlobalSection
	GlobalSection(SolutionProperties) = preSolution
		HideSolutionNode = FALSE
	EndGlobalSection
	GlobalSection(ExtensibilityGlobals) = postSolution
		SolutionGuid = {2EDAD56F-B78C-4C27-8D94-7CA3CE58369A}
	EndGlobalSection
EndGlobal
