
Microsoft Visual Studio Solution File, Format Version 12.00
# Visual Studio Version 16
VisualStudioVersion = 16.0.31019.35
MinimumVisualStudioVersion = 10.0.40219.1
Project("{FAE04EC0-301F-11D3-BF4B-00C04F79EFBC}") = "BlazorApp5.Server", "BlazorApp5\Server\BlazorApp5.Server.csproj", "{CE504E48-8E86-49F1-A483-DCF02EE980D1}"
EndProject
Project("{FAE04EC0-301F-11D3-BF4B-00C04F79EFBC}") = "BlazorApp5.Client", "BlazorApp5\Client\BlazorApp5.Client.csproj", "{322F0013-0F61-49F5-B757-D5742E630911}"
EndProject
Project("{FAE04EC0-301F-11D3-BF4B-00C04F79EFBC}") = "BlazorApp5.Shared", "BlazorApp5\Shared\BlazorApp5.Shared.csproj", "{EA0B9BCD-2846-402D-B863-EEAEA268115A}"
EndProject
Global
	GlobalSection(SolutionConfigurationPlatforms) = preSolution
		Debug|Any CPU = Debug|Any CPU
		Release|Any CPU = Release|Any CPU
	EndGlobalSection
	GlobalSection(ProjectConfigurationPlatforms) = postSolution
		{CE504E48-8E86-49F1-A483-DCF02EE980D1}.Debug|Any CPU.ActiveCfg = Debug|Any CPU
		{CE504E48-8E86-49F1-A483-DCF02EE980D1}.Debug|Any CPU.Build.0 = Debug|Any CPU
		{CE504E48-8E86-49F1-A483-DCF02EE980D1}.Release|Any CPU.ActiveCfg = Release|Any CPU
		{CE504E48-8E86-49F1-A483-DCF02EE980D1}.Release|Any CPU.Build.0 = Release|Any CPU
		{322F0013-0F61-49F5-B757-D5742E630911}.Debug|Any CPU.ActiveCfg = Debug|Any CPU
		{322F0013-0F61-49F5-B757-D5742E630911}.Debug|Any CPU.Build.0 = Debug|Any CPU
		{322F0013-0F61-49F5-B757-D5742E630911}.Release|Any CPU.ActiveCfg = Release|Any CPU
		{322F0013-0F61-49F5-B757-D5742E630911}.Release|Any CPU.Build.0 = Release|Any CPU
		{EA0B9BCD-2846-402D-B863-EEAEA268115A}.Debug|Any CPU.ActiveCfg = Debug|Any CPU
		{EA0B9BCD-2846-402D-B863-EEAEA268115A}.Debug|Any CPU.Build.0 = Debug|Any CPU
		{EA0B9BCD-2846-402D-B863-EEAEA268115A}.Release|Any CPU.ActiveCfg = Release|Any CPU
		{EA0B9BCD-2846-402D-B863-EEAEA268115A}.Release|Any CPU.Build.0 = Release|Any CPU
	EndGlobalSection
	GlobalSection(SolutionProperties) = preSolution
		HideSolutionNode = FALSE
	EndGlobalSection
	GlobalSection(ExtensibilityGlobals) = postSolution
		SolutionGuid = {E842269A-D9C8-414F-A32D-09AF7EB51EFA}
	EndGlobalSection
EndGlobal
