
Microsoft Visual Studio Solution File, Format Version 12.00
# Visual Studio Version 16
VisualStudioVersion = 16.0.31019.35
MinimumVisualStudioVersion = 10.0.40219.1
Project("{FAE04EC0-301F-11D3-BF4B-00C04F79EFBC}") = "BlazorApp4.Server", "BlazorApp4\Server\BlazorApp4.Server.csproj", "{D4A1C6C9-A3E7-4370-BF36-E304F52FD2F9}"
EndProject
Project("{FAE04EC0-301F-11D3-BF4B-00C04F79EFBC}") = "BlazorApp4.Client", "BlazorApp4\Client\BlazorApp4.Client.csproj", "{F51DACFB-B8CD-4DBA-AE6D-42C9352992CD}"
EndProject
Project("{FAE04EC0-301F-11D3-BF4B-00C04F79EFBC}") = "BlazorApp4.Shared", "BlazorApp4\Shared\BlazorApp4.Shared.csproj", "{10DCB52F-C2D7-45BA-BA34-53C73136058E}"
EndProject
Global
	GlobalSection(SolutionConfigurationPlatforms) = preSolution
		Debug|Any CPU = Debug|Any CPU
		Release|Any CPU = Release|Any CPU
	EndGlobalSection
	GlobalSection(ProjectConfigurationPlatforms) = postSolution
		{D4A1C6C9-A3E7-4370-BF36-E304F52FD2F9}.Debug|Any CPU.ActiveCfg = Debug|Any CPU
		{D4A1C6C9-A3E7-4370-BF36-E304F52FD2F9}.Debug|Any CPU.Build.0 = Debug|Any CPU
		{D4A1C6C9-A3E7-4370-BF36-E304F52FD2F9}.Release|Any CPU.ActiveCfg = Release|Any CPU
		{D4A1C6C9-A3E7-4370-BF36-E304F52FD2F9}.Release|Any CPU.Build.0 = Release|Any CPU
		{F51DACFB-B8CD-4DBA-AE6D-42C9352992CD}.Debug|Any CPU.ActiveCfg = Debug|Any CPU
		{F51DACFB-B8CD-4DBA-AE6D-42C9352992CD}.Debug|Any CPU.Build.0 = Debug|Any CPU
		{F51DACFB-B8CD-4DBA-AE6D-42C9352992CD}.Release|Any CPU.ActiveCfg = Release|Any CPU
		{F51DACFB-B8CD-4DBA-AE6D-42C9352992CD}.Release|Any CPU.Build.0 = Release|Any CPU
		{10DCB52F-C2D7-45BA-BA34-53C73136058E}.Debug|Any CPU.ActiveCfg = Debug|Any CPU
		{10DCB52F-C2D7-45BA-BA34-53C73136058E}.Debug|Any CPU.Build.0 = Debug|Any CPU
		{10DCB52F-C2D7-45BA-BA34-53C73136058E}.Release|Any CPU.ActiveCfg = Release|Any CPU
		{10DCB52F-C2D7-45BA-BA34-53C73136058E}.Release|Any CPU.Build.0 = Release|Any CPU
	EndGlobalSection
	GlobalSection(SolutionProperties) = preSolution
		HideSolutionNode = FALSE
	EndGlobalSection
	GlobalSection(ExtensibilityGlobals) = postSolution
		SolutionGuid = {1021F535-6656-48D2-AB50-88B539172BB3}
	EndGlobalSection
EndGlobal
